
Microsoft Visual Studio Solution File, Format Version 12.00
# Visual Studio Version 16
VisualStudioVersion = 16.0.31624.102
MinimumVisualStudioVersion = 10.0.40219.1
Project("{9A19103F-16F7-4668-BE54-9A1E7A4F7556}") = "MyPdfGeneratorLambda", "MyPdfGeneratorLambda\MyPdfGeneratorLambda.csproj", "{45250D07-3E19-4594-B5E9-5EA0033EBB10}"
EndProject
Project("{9A19103F-16F7-4668-BE54-9A1E7A4F7556}") = "MyPdfGeneratorLambda.Tests", "MyPdfGeneratorLambda.Tests\MyPdfGeneratorLambda.Tests.csproj", "{1811411B-C88A-49C2-A2D9-3D21512D88C1}"
EndProject
Global
	GlobalSection(SolutionConfigurationPlatforms) = preSolution
		Debug|Any CPU = Debug|Any CPU
		Release|Any CPU = Release|Any CPU
	EndGlobalSection
	GlobalSection(ProjectConfigurationPlatforms) = postSolution
		{45250D07-3E19-4594-B5E9-5EA0033EBB10}.Debug|Any CPU.ActiveCfg = Debug|Any CPU
		{45250D07-3E19-4594-B5E9-5EA0033EBB10}.Debug|Any CPU.Build.0 = Debug|Any CPU
		{45250D07-3E19-4594-B5E9-5EA0033EBB10}.Release|Any CPU.ActiveCfg = Release|Any CPU
		{45250D07-3E19-4594-B5E9-5EA0033EBB10}.Release|Any CPU.Build.0 = Release|Any CPU
		{1811411B-C88A-49C2-A2D9-3D21512D88C1}.Debug|Any CPU.ActiveCfg = Debug|Any CPU
		{1811411B-C88A-49C2-A2D9-3D21512D88C1}.Debug|Any CPU.Build.0 = Debug|Any CPU
		{1811411B-C88A-49C2-A2D9-3D21512D88C1}.Release|Any CPU.ActiveCfg = Release|Any CPU
		{1811411B-C88A-49C2-A2D9-3D21512D88C1}.Release|Any CPU.Build.0 = Release|Any CPU
	EndGlobalSection
	GlobalSection(SolutionProperties) = preSolution
		HideSolutionNode = FALSE
	EndGlobalSection
	GlobalSection(ExtensibilityGlobals) = postSolution
		SolutionGuid = {DDAB50BD-4711-4434-9F33-5D507961D38E}
	EndGlobalSection
EndGlobal
